
Microsoft Visual Studio Solution File, Format Version 12.00
# Visual Studio 2012
Project("{8BC9CEB8-8B4A-11D0-8D11-00A0C91BC942}") = "tmplaba3", "tmplaba3\tmplaba3.vcxproj", "{546A599A-0D5E-4408-BA24-65986D185982}"
EndProject
Global
	GlobalSection(SolutionConfigurationPlatforms) = preSolution
		Debug|Win32 = Debug|Win32
		Release|Win32 = Release|Win32
	EndGlobalSection
	GlobalSection(ProjectConfigurationPlatforms) = postSolution
		{546A599A-0D5E-4408-BA24-65986D185982}.Debug|Win32.ActiveCfg = Debug|Win32
		{546A599A-0D5E-4408-BA24-65986D185982}.Debug|Win32.Build.0 = Debug|Win32
		{546A599A-0D5E-4408-BA24-65986D185982}.Release|Win32.ActiveCfg = Release|Win32
		{546A599A-0D5E-4408-BA24-65986D185982}.Release|Win32.Build.0 = Release|Win32
	EndGlobalSection
	GlobalSection(SolutionProperties) = preSolution
		HideSolutionNode = FALSE
	EndGlobalSection
EndGlobal
