
Microsoft Visual Studio Solution File, Format Version 12.00
# Visual Studio 2012
Project("{8BC9CEB8-8B4A-11D0-8D11-00A0C91BC942}") = "laba3", "laba3\laba3.vcxproj", "{F60BE9BE-66C3-414E-8E55-240CA6349DB9}"
EndProject
Global
	GlobalSection(SolutionConfigurationPlatforms) = preSolution
		Debug|Win32 = Debug|Win32
		Release|Win32 = Release|Win32
	EndGlobalSection
	GlobalSection(ProjectConfigurationPlatforms) = postSolution
		{F60BE9BE-66C3-414E-8E55-240CA6349DB9}.Debug|Win32.ActiveCfg = Debug|Win32
		{F60BE9BE-66C3-414E-8E55-240CA6349DB9}.Debug|Win32.Build.0 = Debug|Win32
		{F60BE9BE-66C3-414E-8E55-240CA6349DB9}.Release|Win32.ActiveCfg = Release|Win32
		{F60BE9BE-66C3-414E-8E55-240CA6349DB9}.Release|Win32.Build.0 = Release|Win32
	EndGlobalSection
	GlobalSection(SolutionProperties) = preSolution
		HideSolutionNode = FALSE
	EndGlobalSection
EndGlobal
